
Microsoft Visual Studio Solution File, Format Version 12.00
# Visual Studio Version 17
VisualStudioVersion = 17.13.35913.81 d17.13
MinimumVisualStudioVersion = 10.0.40219.1
Project("{FAE04EC0-301F-11D3-BF4B-00C04F79EFBC}") = "AbxExchangeClient", "AbxExchangeClient.csproj", "{DB50EA95-C07D-4B98-A1B5-A3F5C4853766}"
EndProject
Global
	GlobalSection(SolutionConfigurationPlatforms) = preSolution
		Debug|Any CPU = Debug|Any CPU
		Release|Any CPU = Release|Any CPU
	EndGlobalSection
	GlobalSection(ProjectConfigurationPlatforms) = postSolution
		{DB50EA95-C07D-4B98-A1B5-A3F5C4853766}.Debug|Any CPU.ActiveCfg = Debug|Any CPU
		{DB50EA95-C07D-4B98-A1B5-A3F5C4853766}.Debug|Any CPU.Build.0 = Debug|Any CPU
		{DB50EA95-C07D-4B98-A1B5-A3F5C4853766}.Release|Any CPU.ActiveCfg = Release|Any CPU
		{DB50EA95-C07D-4B98-A1B5-A3F5C4853766}.Release|Any CPU.Build.0 = Release|Any CPU
	EndGlobalSection
	GlobalSection(SolutionProperties) = preSolution
		HideSolutionNode = FALSE
	EndGlobalSection
	GlobalSection(ExtensibilityGlobals) = postSolution
		SolutionGuid = {6511AC4F-1E18-4049-A863-4BC4A9E25C60}
	EndGlobalSection
EndGlobal
